
Microsoft Visual Studio Solution File, Format Version 12.00
# Visual Studio 15
Project("{FAE04EC0-301F-11D3-BF4B-00C04F79EFBC}") = "Lab3", "Lab3\Lab3.csproj", "{78250338-E00F-4401-BEE9-5595C832678B}"
EndProject
Global
	GlobalSection(SolutionConfigurationPlatforms) = preSolution
		Debug|anycpu = Debug|anycpu
		Release|anycpu = Release|anycpu
	EndGlobalSection
	GlobalSection(ProjectConfigurationPlatforms) = postSolution
		{78250338-E00F-4401-BEE9-5595C832678B}.Debug|anycpu.ActiveCfg = Debug|anycpu
		{78250338-E00F-4401-BEE9-5595C832678B}.Debug|anycpu.Build.0 = Debug|anycpu
		{78250338-E00F-4401-BEE9-5595C832678B}.Release|anycpu.ActiveCfg = Release|anycpu
		{78250338-E00F-4401-BEE9-5595C832678B}.Release|anycpu.Build.0 = Release|anycpu
	EndGlobalSection
EndGlobal
